# THIS IS AN AUTOGENERATED FILE. DO NOT EDIT THIS FILE DIRECTLY.
# yarn lockfile v1


"@babel/runtime@^7.12.1", "@babel/runtime@^7.9.2":
  version "7.21.0"
  resolved "https://registry.yarnpkg.com/@babel/runtime/-/runtime-7.21.0.tgz#5b55c9d394e5fcf304909a8b00c07dc217b56673"
  integrity sha512-xwII0//EObnq89Ji5AKYQaRYiW/nZ3llSv29d49IuxPhKbtJoLP+9QUUZ4nVragQVtaVGeZrpB+ZtG/Pdy/POw==
  dependencies:
    regenerator-runtime "^0.13.11"

"@esbuild/android-arm64@0.17.17":
  version "0.17.17"
  resolved "https://registry.yarnpkg.com/@esbuild/android-arm64/-/android-arm64-0.17.17.tgz#164b054d58551f8856285f386e1a8f45d9ba3a31"
  integrity sha512-jaJ5IlmaDLFPNttv0ofcwy/cfeY4bh/n705Tgh+eLObbGtQBK3EPAu+CzL95JVE4nFAliyrnEu0d32Q5foavqg==

"@esbuild/android-arm@0.17.17":
  version "0.17.17"
  resolved "https://registry.yarnpkg.com/@esbuild/android-arm/-/android-arm-0.17.17.tgz#1b3b5a702a69b88deef342a7a80df4c894e4f065"
  integrity sha512-E6VAZwN7diCa3labs0GYvhEPL2M94WLF8A+czO8hfjREXxba8Ng7nM5VxV+9ihNXIY1iQO1XxUU4P7hbqbICxg==

"@esbuild/android-x64@0.17.17":
  version "0.17.17"
  resolved "https://registry.yarnpkg.com/@esbuild/android-x64/-/android-x64-0.17.17.tgz#6781527e3c4ea4de532b149d18a2167f06783e7f"
  integrity sha512-446zpfJ3nioMC7ASvJB1pszHVskkw4u/9Eu8s5yvvsSDTzYh4p4ZIRj0DznSl3FBF0Z/mZfrKXTtt0QCoFmoHA==

"@esbuild/darwin-arm64@0.17.17":
  version "0.17.17"
  resolved "https://registry.yarnpkg.com/@esbuild/darwin-arm64/-/darwin-arm64-0.17.17.tgz#c5961ef4d3c1cc80dafe905cc145b5a71d2ac196"
  integrity sha512-m/gwyiBwH3jqfUabtq3GH31otL/0sE0l34XKpSIqR7NjQ/XHQ3lpmQHLHbG8AHTGCw8Ao059GvV08MS0bhFIJQ==

"@esbuild/darwin-x64@0.17.17":
  version "0.17.17"
  resolved "https://registry.yarnpkg.com/@esbuild/darwin-x64/-/darwin-x64-0.17.17.tgz#b81f3259cc349691f67ae30f7b333a53899b3c20"
  integrity sha512-4utIrsX9IykrqYaXR8ob9Ha2hAY2qLc6ohJ8c0CN1DR8yWeMrTgYFjgdeQ9LIoTOfLetXjuCu5TRPHT9yKYJVg==

"@esbuild/freebsd-arm64@0.17.17":
  version "0.17.17"
  resolved "https://registry.yarnpkg.com/@esbuild/freebsd-arm64/-/freebsd-arm64-0.17.17.tgz#db846ad16cf916fd3acdda79b85ea867cb100e87"
  integrity sha512-4PxjQII/9ppOrpEwzQ1b0pXCsFLqy77i0GaHodrmzH9zq2/NEhHMAMJkJ635Ns4fyJPFOlHMz4AsklIyRqFZWA==

"@esbuild/freebsd-x64@0.17.17":
  version "0.17.17"
  resolved "https://registry.yarnpkg.com/@esbuild/freebsd-x64/-/freebsd-x64-0.17.17.tgz#4dd99acbaaba00949d509e7c144b1b6ef9e1815b"
  integrity sha512-lQRS+4sW5S3P1sv0z2Ym807qMDfkmdhUYX30GRBURtLTrJOPDpoU0kI6pVz1hz3U0+YQ0tXGS9YWveQjUewAJw==

"@esbuild/linux-arm64@0.17.17":
  version "0.17.17"
  resolved "https://registry.yarnpkg.com/@esbuild/linux-arm64/-/linux-arm64-0.17.17.tgz#7f9274140b2bb9f4230dbbfdf5dc2761215e30f6"
  integrity sha512-2+pwLx0whKY1/Vqt8lyzStyda1v0qjJ5INWIe+d8+1onqQxHLLi3yr5bAa4gvbzhZqBztifYEu8hh1La5+7sUw==

"@esbuild/linux-arm@0.17.17":
  version "0.17.17"
  resolved "https://registry.yarnpkg.com/@esbuild/linux-arm/-/linux-arm-0.17.17.tgz#5c8e44c2af056bb2147cf9ad13840220bcb8948b"
  integrity sha512-biDs7bjGdOdcmIk6xU426VgdRUpGg39Yz6sT9Xp23aq+IEHDb/u5cbmu/pAANpDB4rZpY/2USPhCA+w9t3roQg==

"@esbuild/linux-ia32@0.17.17":
  version "0.17.17"
  resolved "https://registry.yarnpkg.com/@esbuild/linux-ia32/-/linux-ia32-0.17.17.tgz#18a6b3798658be7f46e9873fa0c8d4bec54c9212"
  integrity sha512-IBTTv8X60dYo6P2t23sSUYym8fGfMAiuv7PzJ+0LcdAndZRzvke+wTVxJeCq4WgjppkOpndL04gMZIFvwoU34Q==

"@esbuild/linux-loong64@0.17.17":
  version "0.17.17"
  resolved "https://registry.yarnpkg.com/@esbuild/linux-loong64/-/linux-loong64-0.17.17.tgz#a8d93514a47f7b4232716c9f02aeb630bae24c40"
  integrity sha512-WVMBtcDpATjaGfWfp6u9dANIqmU9r37SY8wgAivuKmgKHE+bWSuv0qXEFt/p3qXQYxJIGXQQv6hHcm7iWhWjiw==

"@esbuild/linux-mips64el@0.17.17":
  version "0.17.17"
  resolved "https://registry.yarnpkg.com/@esbuild/linux-mips64el/-/linux-mips64el-0.17.17.tgz#4784efb1c3f0eac8133695fa89253d558149ee1b"
  integrity sha512-2kYCGh8589ZYnY031FgMLy0kmE4VoGdvfJkxLdxP4HJvWNXpyLhjOvxVsYjYZ6awqY4bgLR9tpdYyStgZZhi2A==

"@esbuild/linux-ppc64@0.17.17":
  version "0.17.17"
  resolved "https://registry.yarnpkg.com/@esbuild/linux-ppc64/-/linux-ppc64-0.17.17.tgz#ef6558ec5e5dd9dc16886343e0ccdb0699d70d3c"
  integrity sha512-KIdG5jdAEeAKogfyMTcszRxy3OPbZhq0PPsW4iKKcdlbk3YE4miKznxV2YOSmiK/hfOZ+lqHri3v8eecT2ATwQ==

"@esbuild/linux-riscv64@0.17.17":
  version "0.17.17"
  resolved "https://registry.yarnpkg.com/@esbuild/linux-riscv64/-/linux-riscv64-0.17.17.tgz#13a87fdbcb462c46809c9d16bcf79817ecf9ce6f"
  integrity sha512-Cj6uWLBR5LWhcD/2Lkfg2NrkVsNb2sFM5aVEfumKB2vYetkA/9Uyc1jVoxLZ0a38sUhFk4JOVKH0aVdPbjZQeA==

"@esbuild/linux-s390x@0.17.17":
  version "0.17.17"
  resolved "https://registry.yarnpkg.com/@esbuild/linux-s390x/-/linux-s390x-0.17.17.tgz#83cb16d1d3ac0dca803b3f031ba3dc13f1ec7ade"
  integrity sha512-lK+SffWIr0XsFf7E0srBjhpkdFVJf3HEgXCwzkm69kNbRar8MhezFpkIwpk0qo2IOQL4JE4mJPJI8AbRPLbuOQ==

"@esbuild/linux-x64@0.17.17":
  version "0.17.17"
  resolved "https://registry.yarnpkg.com/@esbuild/linux-x64/-/linux-x64-0.17.17.tgz#7bc400568690b688e20a0c94b2faabdd89ae1a79"
  integrity sha512-XcSGTQcWFQS2jx3lZtQi7cQmDYLrpLRyz1Ns1DzZCtn898cWfm5Icx/DEWNcTU+T+tyPV89RQtDnI7qL2PObPg==

"@esbuild/netbsd-x64@0.17.17":
  version "0.17.17"
  resolved "https://registry.yarnpkg.com/@esbuild/netbsd-x64/-/netbsd-x64-0.17.17.tgz#1b5dcfbc4bfba80e67a11e9148de836af5b58b6c"
  integrity sha512-RNLCDmLP5kCWAJR+ItLM3cHxzXRTe4N00TQyQiimq+lyqVqZWGPAvcyfUBM0isE79eEZhIuGN09rAz8EL5KdLA==

"@esbuild/openbsd-x64@0.17.17":
  version "0.17.17"
  resolved "https://registry.yarnpkg.com/@esbuild/openbsd-x64/-/openbsd-x64-0.17.17.tgz#e275098902291149a5dcd012c9ea0796d6b7adff"
  integrity sha512-PAXswI5+cQq3Pann7FNdcpSUrhrql3wKjj3gVkmuz6OHhqqYxKvi6GgRBoaHjaG22HV/ZZEgF9TlS+9ftHVigA==

"@esbuild/sunos-x64@0.17.17":
  version "0.17.17"
  resolved "https://registry.yarnpkg.com/@esbuild/sunos-x64/-/sunos-x64-0.17.17.tgz#10603474866f64986c0370a2d4fe5a2bb7fee4f5"
  integrity sha512-V63egsWKnx/4V0FMYkr9NXWrKTB5qFftKGKuZKFIrAkO/7EWLFnbBZNM1CvJ6Sis+XBdPws2YQSHF1Gqf1oj/Q==

"@esbuild/win32-arm64@0.17.17":
  version "0.17.17"
  resolved "https://registry.yarnpkg.com/@esbuild/win32-arm64/-/win32-arm64-0.17.17.tgz#521a6d97ee0f96b7c435930353cc4e93078f0b54"
  integrity sha512-YtUXLdVnd6YBSYlZODjWzH+KzbaubV0YVd6UxSfoFfa5PtNJNaW+1i+Hcmjpg2nEe0YXUCNF5bkKy1NnBv1y7Q==

"@esbuild/win32-ia32@0.17.17":
  version "0.17.17"
  resolved "https://registry.yarnpkg.com/@esbuild/win32-ia32/-/win32-ia32-0.17.17.tgz#56f88462ebe82dad829dc2303175c0e0ccd8e38e"
  integrity sha512-yczSLRbDdReCO74Yfc5tKG0izzm+lPMYyO1fFTcn0QNwnKmc3K+HdxZWLGKg4pZVte7XVgcFku7TIZNbWEJdeQ==

"@esbuild/win32-x64@0.17.17":
  version "0.17.17"
  resolved "https://registry.yarnpkg.com/@esbuild/win32-x64/-/win32-x64-0.17.17.tgz#2b577b976e6844106715bbe0cdc57cd1528063f9"
  integrity sha512-FNZw7H3aqhF9OyRQbDDnzUApDXfC1N6fgBhkqEO2jvYCJ+DxMTfZVqg3AX0R1khg1wHTBRD5SdcibSJ+XF6bFg==

"@reduxjs/toolkit@^1.9.5":
  version "1.9.5"
  resolved "https://registry.yarnpkg.com/@reduxjs/toolkit/-/toolkit-1.9.5.tgz#d3987849c24189ca483baa7aa59386c8e52077c4"
  integrity sha512-Rt97jHmfTeaxL4swLRNPD/zV4OxTes4la07Xc4hetpUW/vc75t5m1ANyxG6ymnEQ2FsLQsoMlYB2vV1sO3m8tQ==
  dependencies:
    immer "^9.0.21"
    redux "^4.2.1"
    redux-thunk "^2.4.2"
    reselect "^4.1.8"

"@remix-run/router@1.5.0":
  version "1.5.0"
  resolved "https://registry.yarnpkg.com/@remix-run/router/-/router-1.5.0.tgz#57618e57942a5f0131374a9fdb0167e25a117fdc"
  integrity sha512-bkUDCp8o1MvFO+qxkODcbhSqRa6P2GXgrGZVpt0dCXNW2HCSCqYI0ZoAqEOSAjRWmmlKcYgFvN4B4S+zo/f8kg==

"@types/hoist-non-react-statics@^3.3.1":
  version "3.3.1"
  resolved "https://registry.yarnpkg.com/@types/hoist-non-react-statics/-/hoist-non-react-statics-3.3.1.tgz#1124aafe5118cb591977aeb1ceaaed1070eb039f"
  integrity sha512-iMIqiko6ooLrTh1joXodJK5X9xeEALT1kM5G3ZLhD3hszxBdIEd5C75U834D9mLcINgD4OyZf5uQXjkuYydWvA==
  dependencies:
    "@types/react" "*"
    hoist-non-react-statics "^3.3.0"

"@types/prop-types@*":
  version "15.7.5"
  resolved "https://registry.yarnpkg.com/@types/prop-types/-/prop-types-15.7.5.tgz#5f19d2b85a98e9558036f6a3cacc8819420f05cf"
  integrity sha512-JCB8C6SnDoQf0cNycqd/35A7MjcnK+ZTqE7judS6o7utxUCg6imJg3QK2qzHKszlTjcj2cn+NwMB2i96ubpj7w==

"@types/react@*":
  version "18.0.37"
  resolved "https://registry.yarnpkg.com/@types/react/-/react-18.0.37.tgz#7a784e2a8b8f83abb04dc6b9ed9c9b4c0aee9be7"
  integrity sha512-4yaZZtkRN3ZIQD3KSEwkfcik8s0SWV+82dlJot1AbGYHCzJkWP3ENBY6wYeDRmKZ6HkrgoGAmR2HqdwYGp6OEw==
  dependencies:
    "@types/prop-types" "*"
    "@types/scheduler" "*"
    csstype "^3.0.2"

"@types/scheduler@*":
  version "0.16.3"
  resolved "https://registry.yarnpkg.com/@types/scheduler/-/scheduler-0.16.3.tgz#cef09e3ec9af1d63d2a6cc5b383a737e24e6dcf5"
  integrity sha512-5cJ8CB4yAx7BH1oMvdU0Jh9lrEXyPkar6F9G/ERswkCuvP4KQZfZkSjcMbAICCpQTN4OuZn8tz0HiKv9TGZgrQ==

"@types/use-sync-external-store@^0.0.3":
  version "0.0.3"
  resolved "https://registry.yarnpkg.com/@types/use-sync-external-store/-/use-sync-external-store-0.0.3.tgz#b6725d5f4af24ace33b36fafd295136e75509f43"
  integrity sha512-EwmlvuaxPNej9+T4v5AuBPJa2x2UOJVdjCtDHgcDqitUeOtjnJKJ+apYjVcAoBEMjKW1VVFGZLUb5+qqa09XFA==

big.js@^5.2.2:
  version "5.2.2"
  resolved "https://registry.yarnpkg.com/big.js/-/big.js-5.2.2.tgz#65f0af382f578bcdc742bd9c281e9cb2d7768328"
  integrity sha512-vyL2OymJxmarO8gxMr0mhChsO9QGwhynfuu4+MHTAW6czfq9humCB7rKpUjDd9YUiDPU4mzpyupFSvOClAwbmQ==

csstype@^3.0.2:
  version "3.1.2"
  resolved "https://registry.yarnpkg.com/csstype/-/csstype-3.1.2.tgz#1d4bf9d572f11c14031f0436e1c10bc1f571f50b"
  integrity sha512-I7K1Uu0MBPzaFKg4nI5Q7Vs2t+3gWWW648spaF+Rg7pI9ds18Ugn+lvg4SHczUdKlHI5LWBXyqfS8+DufyBsgQ==

emojis-list@^3.0.0:
  version "3.0.0"
  resolved "https://registry.yarnpkg.com/emojis-list/-/emojis-list-3.0.0.tgz#5570662046ad29e2e916e71aae260abdff4f6a78"
  integrity sha512-/kyM18EfinwXZbno9FyUGeFh87KC8HRQBQGildHZbEuRyWFOmv1U10o9BBp8XVZDVNNuQKyIGIu5ZYAAXJ0V2Q==

esbuild-loader@^3.0.1:
  version "3.0.1"
  resolved "https://registry.yarnpkg.com/esbuild-loader/-/esbuild-loader-3.0.1.tgz#9871c0e8817c4c11b6249d1916832e75272e6c7e"
  integrity sha512-aZfGybqTeuyCd4AsVvWOOfkhIuN+wfZFjMyh3gyQEU1Uvsl8L6vye9HqP93iRa0iTA+6Jclap514PJIC3cLnMA==
  dependencies:
    esbuild "^0.17.6"
    get-tsconfig "^4.4.0"
    loader-utils "^2.0.4"
    webpack-sources "^1.4.3"

esbuild@^0.17.17, esbuild@^0.17.6:
  version "0.17.17"
  resolved "https://registry.yarnpkg.com/esbuild/-/esbuild-0.17.17.tgz#fa906ab11b11d2ed4700f494f4f764229b25c916"
  integrity sha512-/jUywtAymR8jR4qsa2RujlAF7Krpt5VWi72Q2yuLD4e/hvtNcFQ0I1j8m/bxq238pf3/0KO5yuXNpuLx8BE1KA==
  optionalDependencies:
    "@esbuild/android-arm" "0.17.17"
    "@esbuild/android-arm64" "0.17.17"
    "@esbuild/android-x64" "0.17.17"
    "@esbuild/darwin-arm64" "0.17.17"
    "@esbuild/darwin-x64" "0.17.17"
    "@esbuild/freebsd-arm64" "0.17.17"
    "@esbuild/freebsd-x64" "0.17.17"
    "@esbuild/linux-arm" "0.17.17"
    "@esbuild/linux-arm64" "0.17.17"
    "@esbuild/linux-ia32" "0.17.17"
    "@esbuild/linux-loong64" "0.17.17"
    "@esbuild/linux-mips64el" "0.17.17"
    "@esbuild/linux-ppc64" "0.17.17"
    "@esbuild/linux-riscv64" "0.17.17"
    "@esbuild/linux-s390x" "0.17.17"
    "@esbuild/linux-x64" "0.17.17"
    "@esbuild/netbsd-x64" "0.17.17"
    "@esbuild/openbsd-x64" "0.17.17"
    "@esbuild/sunos-x64" "0.17.17"
    "@esbuild/win32-arm64" "0.17.17"
    "@esbuild/win32-ia32" "0.17.17"
    "@esbuild/win32-x64" "0.17.17"

get-tsconfig@^4.4.0:
  version "4.5.0"
  resolved "https://registry.yarnpkg.com/get-tsconfig/-/get-tsconfig-4.5.0.tgz#6d52d1c7b299bd3ee9cd7638561653399ac77b0f"
  integrity sha512-MjhiaIWCJ1sAU4pIQ5i5OfOuHHxVo1oYeNsWTON7jxYkod8pHocXeh+SSbmu5OZZZK73B6cbJ2XADzXehLyovQ==

hoist-non-react-statics@^3.3.0, hoist-non-react-statics@^3.3.2:
  version "3.3.2"
  resolved "https://registry.yarnpkg.com/hoist-non-react-statics/-/hoist-non-react-statics-3.3.2.tgz#ece0acaf71d62c2969c2ec59feff42a4b1a85b45"
  integrity sha512-/gGivxi8JPKWNm/W0jSmzcMPpfpPLc3dY/6GxhX2hQ9iGj3aDfklV4ET7NjKpSinLpJ5vafa9iiGIEZg10SfBw==
  dependencies:
    react-is "^16.7.0"

immer@^9.0.21:
  version "9.0.21"
  resolved "https://registry.yarnpkg.com/immer/-/immer-9.0.21.tgz#1e025ea31a40f24fb064f1fef23e931496330176"
  integrity sha512-bc4NBHqOqSfRW7POMkHd51LvClaeMXpm8dx0e8oE2GORbq5aRK7Bxl4FyzVLdGtLmvLKL7BTDBG5ACQm4HWjTA==

"js-tokens@^3.0.0 || ^4.0.0":
  version "4.0.0"
  resolved "https://registry.yarnpkg.com/js-tokens/-/js-tokens-4.0.0.tgz#19203fb59991df98e3a287050d4647cdeaf32499"
  integrity sha512-RdJUflcE3cUzKiMqQgsCu06FPu9UdIJO0beYbPhHN4k6apgJtifcoCtT9bcxOpYBtpD2kCM6Sbzg4CausW/PKQ==

json5@^2.1.2:
  version "2.2.3"
  resolved "https://registry.yarnpkg.com/json5/-/json5-2.2.3.tgz#78cd6f1a19bdc12b73db5ad0c61efd66c1e29283"
  integrity sha512-XmOWe7eyHYH14cLdVPoyg+GOH3rYX++KpzrylJwSW98t3Nk+U8XOl8FWKOgwtzdb8lXGf6zYwDUzeHMWfxasyg==

loader-utils@^2.0.4:
  version "2.0.4"
  resolved "https://registry.yarnpkg.com/loader-utils/-/loader-utils-2.0.4.tgz#8b5cb38b5c34a9a018ee1fc0e6a066d1dfcc528c"
  integrity sha512-xXqpXoINfFhgua9xiqD8fPFHgkoq1mmmpE92WlDbm9rNRd/EbRb+Gqf908T2DMfuHjjJlksiK2RbHVOdD/MqSw==
  dependencies:
    big.js "^5.2.2"
    emojis-list "^3.0.0"
    json5 "^2.1.2"

loose-envify@^1.1.0:
  version "1.4.0"
  resolved "https://registry.yarnpkg.com/loose-envify/-/loose-envify-1.4.0.tgz#71ee51fa7be4caec1a63839f7e682d8132d30caf"
  integrity sha512-lyuxPGr/Wfhrlem2CL/UcnUc1zcqKAImBDzukY7Y5F/yQiNdko6+fRLevlw1HgMySw7f611UIY408EtxRSoK3Q==
  dependencies:
    js-tokens "^3.0.0 || ^4.0.0"

react-dom@^18.2.0:
  version "18.2.0"
  resolved "https://registry.yarnpkg.com/react-dom/-/react-dom-18.2.0.tgz#22aaf38708db2674ed9ada224ca4aa708d821e3d"
  integrity sha512-6IMTriUmvsjHUjNtEDudZfuDQUoWXVxKHhlEGSk81n4YFS+r/Kl99wXiwlVXtPBtJenozv2P+hxDsw9eA7Xo6g==
  dependencies:
    loose-envify "^1.1.0"
    scheduler "^0.23.0"

react-is@^16.7.0:
  version "16.13.1"
  resolved "https://registry.yarnpkg.com/react-is/-/react-is-16.13.1.tgz#789729a4dc36de2999dc156dd6c1d9c18cea56a4"
  integrity sha512-24e6ynE2H+OKt4kqsOvNd8kBpV65zoxbA4BVsEOB3ARVWQki/DHzaUoC5KuON/BiccDaCCTZBuOcfZs70kR8bQ==

react-is@^18.0.0:
  version "18.2.0"
  resolved "https://registry.yarnpkg.com/react-is/-/react-is-18.2.0.tgz#199431eeaaa2e09f86427efbb4f1473edb47609b"
  integrity sha512-xWGDIW6x921xtzPkhiULtthJHoJvBbF3q26fzloPCK0hsvxtPVelvftw3zjbHWSkR2km9Z+4uxbDDK/6Zw9B8w==

react-redux@^8.0.5:
  version "8.0.5"
  resolved "https://registry.yarnpkg.com/react-redux/-/react-redux-8.0.5.tgz#e5fb8331993a019b8aaf2e167a93d10af469c7bd"
  integrity sha512-Q2f6fCKxPFpkXt1qNRZdEDLlScsDWyrgSj0mliK59qU6W5gvBiKkdMEG2lJzhd1rCctf0hb6EtePPLZ2e0m1uw==
  dependencies:
    "@babel/runtime" "^7.12.1"
    "@types/hoist-non-react-statics" "^3.3.1"
    "@types/use-sync-external-store" "^0.0.3"
    hoist-non-react-statics "^3.3.2"
    react-is "^18.0.0"
    use-sync-external-store "^1.0.0"

react-router-dom@^6.10.0:
  version "6.10.0"
  resolved "https://registry.yarnpkg.com/react-router-dom/-/react-router-dom-6.10.0.tgz#090ddc5c84dc41b583ce08468c4007c84245f61f"
  integrity sha512-E5dfxRPuXKJqzwSe/qGcqdwa18QiWC6f3H3cWXM24qj4N0/beCIf/CWTipop2xm7mR0RCS99NnaqPNjHtrAzCg==
  dependencies:
    "@remix-run/router" "1.5.0"
    react-router "6.10.0"

react-router@6.10.0:
  version "6.10.0"
  resolved "https://registry.yarnpkg.com/react-router/-/react-router-6.10.0.tgz#230f824fde9dd0270781b5cb497912de32c0a971"
  integrity sha512-Nrg0BWpQqrC3ZFFkyewrflCud9dio9ME3ojHCF/WLsprJVzkq3q3UeEhMCAW1dobjeGbWgjNn/PVF6m46ANxXQ==
  dependencies:
    "@remix-run/router" "1.5.0"

react@^18.2.0:
  version "18.2.0"
  resolved "https://registry.yarnpkg.com/react/-/react-18.2.0.tgz#555bd98592883255fa00de14f1151a917b5d77d5"
  integrity sha512-/3IjMdb2L9QbBdWiW5e3P2/npwMBaU9mHCSCUzNln0ZCYbcfTsGbTJrU/kGemdH2IWmB2ioZ+zkxtmq6g09fGQ==
  dependencies:
    loose-envify "^1.1.0"

redux-thunk@^2.4.2:
  version "2.4.2"
  resolved "https://registry.yarnpkg.com/redux-thunk/-/redux-thunk-2.4.2.tgz#b9d05d11994b99f7a91ea223e8b04cf0afa5ef3b"
  integrity sha512-+P3TjtnP0k/FEjcBL5FZpoovtvrTNT/UXd4/sluaSyrURlSlhLSzEdfsTBW7WsKB6yPvgd7q/iZPICFjW4o57Q==

redux@^4.2.1:
  version "4.2.1"
  resolved "https://registry.yarnpkg.com/redux/-/redux-4.2.1.tgz#c08f4306826c49b5e9dc901dee0452ea8fce6197"
  integrity sha512-LAUYz4lc+Do8/g7aeRa8JkyDErK6ekstQaqWQrNRW//MY1TvCEpMtpTWvlQ+FPbWCx+Xixu/6SHt5N0HR+SB4w==
  dependencies:
    "@babel/runtime" "^7.9.2"

regenerator-runtime@^0.13.11:
  version "0.13.11"
  resolved "https://registry.yarnpkg.com/regenerator-runtime/-/regenerator-runtime-0.13.11.tgz#f6dca3e7ceec20590d07ada785636a90cdca17f9"
  integrity sha512-kY1AZVr2Ra+t+piVaJ4gxaFaReZVH40AKNo7UCX6W+dEwBo/2oZJzqfuN1qLq1oL45o56cPaTXELwrTh8Fpggg==

reselect@^4.1.8:
  version "4.1.8"
  resolved "https://registry.yarnpkg.com/reselect/-/reselect-4.1.8.tgz#3f5dc671ea168dccdeb3e141236f69f02eaec524"
  integrity sha512-ab9EmR80F/zQTMNeneUr4cv+jSwPJgIlvEmVwLerwrWVbpLlBuls9XHzIeTFy4cegU2NHBp3va0LKOzU5qFEYQ==

scheduler@^0.23.0:
  version "0.23.0"
  resolved "https://registry.yarnpkg.com/scheduler/-/scheduler-0.23.0.tgz#ba8041afc3d30eb206a487b6b384002e4e61fdfe"
  integrity sha512-CtuThmgHNg7zIZWAXi3AsyIzA3n4xx7aNyjwC2VJldO2LMVDhFK+63xGqq6CsJH4rTAt6/M+N4GhZiDYPx9eUw==
  dependencies:
    loose-envify "^1.1.0"

source-list-map@^2.0.0:
  version "2.0.1"
  resolved "https://registry.yarnpkg.com/source-list-map/-/source-list-map-2.0.1.tgz#3993bd873bfc48479cca9ea3a547835c7c154b34"
  integrity sha512-qnQ7gVMxGNxsiL4lEuJwe/To8UnK7fAnmbGEEH8RpLouuKbeEm0lhbQVFIrNSuB+G7tVrAlVsZgETT5nljf+Iw==

source-map@~0.6.1:
  version "0.6.1"
  resolved "https://registry.yarnpkg.com/source-map/-/source-map-0.6.1.tgz#74722af32e9614e9c287a8d0bbde48b5e2f1a263"
  integrity sha512-UjgapumWlbMhkBgzT7Ykc5YXUT46F0iKu8SGXq0bcwP5dz/h0Plj6enJqjz1Zbq2l5WaqYnrVbwWOWMyF3F47g==

use-sync-external-store@^1.0.0:
  version "1.2.0"
  resolved "https://registry.yarnpkg.com/use-sync-external-store/-/use-sync-external-store-1.2.0.tgz#7dbefd6ef3fe4e767a0cf5d7287aacfb5846928a"
  integrity sha512-eEgnFxGQ1Ife9bzYs6VLi8/4X6CObHMw9Qr9tPY43iKwsPw8xE8+EFsf/2cFZ5S3esXgpWgtSCtLNS41F+sKPA==

webpack-sources@^1.4.3:
  version "1.4.3"
  resolved "https://registry.yarnpkg.com/webpack-sources/-/webpack-sources-1.4.3.tgz#eedd8ec0b928fbf1cbfe994e22d2d890f330a933"
  integrity sha512-lgTS3Xhv1lCOKo7SA5TjKXMjpSM4sBjNV5+q2bqesbSPs5FjGmU6jjtBSkX9b4qW87vDIsCIlUPOEhbZrMdjeQ==
  dependencies:
    source-list-map "^2.0.0"
    source-map "~0.6.1"
